<Solution>
  <Folder Name="/.github/">
    <File Path=".github/renovate.json" />
  </Folder>
  <Folder Name="/.github/workflows/">
    <File Path=".github/workflows/build-and-test.yml" />
    <File Path=".github/workflows/codeql.yml" />
  </Folder>
  <Folder Name="/src/">
    <Project Path="src/Soenneker.Clamav.Definitions/Soenneker.Clamav.Definitions.csproj" />
  </Folder>
  <Folder Name="/test/">
    <Project Path="test/Soenneker.Clamav.Definitions.Tests/Soenneker.Clamav.Definitions.Tests.csproj" />
  </Folder>
</Solution>
